// !$*UTF8*$!
{
	archiveVersion = 1;
	classes = {
	};
	objectVersion = 77;
	objects = {

/* Begin PBXContainerItemProxy section */
		72A41E2F2DB5638E00C566F8 /* PBXContainerItemProxy */ = {
			isa = PBXContainerItemProxy;
			containerPortal = 72A41E0D2DB5638C00C566F8 /* Project object */;
			proxyType = 1;
			remoteGlobalIDString = 72A41E142DB5638C00C566F8;
			remoteInfo = FindProiOS;
		};
		72A41E392DB5638E00C566F8 /* PBXContainerItemProxy */ = {
			isa = PBXContainerItemProxy;
			containerPortal = 72A41E0D2DB5638C00C566F8 /* Project object */;
			proxyType = 1;
			remoteGlobalIDString = 72A41E142DB5638C00C566F8;
			remoteInfo = FindProiOS;
		};
/* End PBXContainerItemProxy section */

/* Begin PBXFileReference section */
		72A41E152DB5638C00C566F8 /* FindProiOS.app */ = {isa = PBXFileReference; explicitFileType = wrapper.application; includeInIndex = 0; path = FindProiOS.app; sourceTree = BUILT_PRODUCTS_DIR; };
		72A41E2E2DB5638E00C566F8 /* FindProiOSTests.xctest */ = {isa = PBXFileReference; explicitFileType = wrapper.cfbundle; includeInIndex = 0; path = FindProiOSTests.xctest; sourceTree = BUILT_PRODUCTS_DIR; };
		72A41E382DB5638E00C566F8 /* FindProiOSUITests.xctest */ = {isa = PBXFileReference; explicitFileType = wrapper.cfbundle; includeInIndex = 0; path = FindProiOSUITests.xctest; sourceTree = BUILT_PRODUCTS_DIR; };
/* End PBXFileReference section */

/* Begin PBXFileSystemSynchronizedBuildFileExceptionSet section */
		72A41E402DB5638E00C566F8 /* Exceptions for "FindProiOS" folder in "FindProiOS" target */ = {
			isa = PBXFileSystemSynchronizedBuildFileExceptionSet;
			membershipExceptions = (
				Info.plist,
			);
			target = 72A41E142DB5638C00C566F8 /* FindProiOS */;
		};
/* End PBXFileSystemSynchronizedBuildFileExceptionSet section */

/* Begin PBXFileSystemSynchronizedRootGroup section */
		72A41E172DB5638C00C566F8 /* FindProiOS */ = {
			isa = PBXFileSystemSynchronizedRootGroup;
			exceptions = (
				72A41E402DB5638E00C566F8 /* Exceptions for "FindProiOS" folder in "FindProiOS" target */,
			);
			path = FindProiOS;
			sourceTree = "<group>";
		};
		72A41E312DB5638E00C566F8 /* FindProiOSTests */ = {
			isa = PBXFileSystemSynchronizedRootGroup;
			path = FindProiOSTests;
			sourceTree = "<group>";
		};
		72A41E3B2DB5638E00C566F8 /* FindProiOSUITests */ = {
			isa = PBXFileSystemSynchronizedRootGroup;
			path = FindProiOSUITests;
			sourceTree = "<group>";
		};
/* End PBXFileSystemSynchronizedRootGroup section */

/* Begin PBXFrameworksBuildPhase section */
		72A41E122DB5638C00C566F8 /* Frameworks */ = {
			isa = PBXFrameworksBuildPhase;
			buildActionMask = 2147483647;
			files = (
			);
			runOnlyForDeploymentPostprocessing = 0;
		};
		72A41E2B2DB5638E00C566F8 /* Frameworks */ = {
			isa = PBXFrameworksBuildPhase;
			buildActionMask = 2147483647;
			files = (
			);
			runOnlyForDeploymentPostprocessing = 0;
		};
		72A41E352DB5638E00C566F8 /* Frameworks */ = {
			isa = PBXFrameworksBuildPhase;
			buildActionMask = 2147483647;
			files = (
			);
			runOnlyForDeploymentPostprocessing = 0;
		};
/* End PBXFrameworksBuildPhase section */

/* Begin PBXGroup section */
		72A41E0C2DB5638C00C566F8 = {
			isa = PBXGroup;
			children = (
				72A41E172DB5638C00C566F8 /* FindProiOS */,
				72A41E312DB5638E00C566F8 /* FindProiOSTests */,
				72A41E3B2DB5638E00C566F8 /* FindProiOSUITests */,
				72A41E162DB5638C00C566F8 /* Products */,
			);
			sourceTree = "<group>";
		};
		72A41E162DB5638C00C566F8 /* Products */ = {
			isa = PBXGroup;
			children = (
				72A41E152DB5638C00C566F8 /* FindProiOS.app */,
				72A41E2E2DB5638E00C566F8 /* FindProiOSTests.xctest */,
				72A41E382DB5638E00C566F8 /* FindProiOSUITests.xctest */,
			);
			name = Products;
			sourceTree = "<group>";
		};
/* End PBXGroup section */

/* Begin PBXNativeTarget section */
		72A41E142DB5638C00C566F8 /* FindProiOS */ = {
			isa = PBXNativeTarget;
			buildConfigurationList = 72A41E412DB5638E00C566F8 /* Build configuration list for PBXNativeTarget "FindProiOS" */;
			buildPhases = (
				72A41E112DB5638C00C566F8 /* Sources */,
				72A41E122DB5638C00C566F8 /* Frameworks */,
				72A41E132DB5638C00C566F8 /* Resources */,
			);
			buildRules = (
			);
			dependencies = (
			);
			fileSystemSynchronizedGroups = (
				72A41E172DB5638C00C566F8 /* FindProiOS */,
			);
			name = FindProiOS;
			packageProductDependencies = (
			);
			productName = FindProiOS;
			productReference = 72A41E152DB5638C00C566F8 /* FindProiOS.app */;
			productType = "com.apple.product-type.application";
		};
		72A41E2D2DB5638E00C566F8 /* FindProiOSTests */ = {
			isa = PBXNativeTarget;
			buildConfigurationList = 72A41E462DB5638E00C566F8 /* Build configuration list for PBXNativeTarget "FindProiOSTests" */;
			buildPhases = (
				72A41E2A2DB5638E00C566F8 /* Sources */,
				72A41E2B2DB5638E00C566F8 /* Frameworks */,
				72A41E2C2DB5638E00C566F8 /* Resources */,
			);
			buildRules = (
			);
			dependencies = (
				72A41E302DB5638E00C566F8 /* PBXTargetDependency */,
			);
			fileSystemSynchronizedGroups = (
				72A41E312DB5638E00C566F8 /* FindProiOSTests */,
			);
			name = FindProiOSTests;
			packageProductDependencies = (
			);
			productName = FindProiOSTests;
			productReference = 72A41E2E2DB5638E00C566F8 /* FindProiOSTests.xctest */;
			productType = "com.apple.product-type.bundle.unit-test";
		};
		72A41E372DB5638E00C566F8 /* FindProiOSUITests */ = {
			isa = PBXNativeTarget;
			buildConfigurationList = 72A41E492DB5638E00C566F8 /* Build configuration list for PBXNativeTarget "FindProiOSUITests" */;
			buildPhases = (
				72A41E342DB5638E00C566F8 /* Sources */,
				72A41E352DB5638E00C566F8 /* Frameworks */,
				72A41E362DB5638E00C566F8 /* Resources */,
			);
			buildRules = (
			);
			dependencies = (
				72A41E3A2DB5638E00C566F8 /* PBXTargetDependency */,
			);
			fileSystemSynchronizedGroups = (
				72A41E3B2DB5638E00C566F8 /* FindProiOSUITests */,
			);
			name = FindProiOSUITests;
			packageProductDependencies = (
			);
			productName = FindProiOSUITests;
			productReference = 72A41E382DB5638E00C566F8 /* FindProiOSUITests.xctest */;
			productType = "com.apple.product-type.bundle.ui-testing";
		};
/* End PBXNativeTarget section */

/* Begin PBXProject section */
		72A41E0D2DB5638C00C566F8 /* Project object */ = {
			isa = PBXProject;
			attributes = {
				BuildIndependentTargetsInParallel = 1;
				LastSwiftUpdateCheck = 1630;
				LastUpgradeCheck = 1630;
				TargetAttributes = {
					72A41E142DB5638C00C566F8 = {
						CreatedOnToolsVersion = 16.3;
					};
					72A41E2D2DB5638E00C566F8 = {
						CreatedOnToolsVersion = 16.3;
						TestTargetID = 72A41E142DB5638C00C566F8;
					};
					72A41E372DB5638E00C566F8 = {
						CreatedOnToolsVersion = 16.3;
						TestTargetID = 72A41E142DB5638C00C566F8;
					};
				};
			};
			buildConfigurationList = 72A41E102DB5638C00C566F8 /* Build configuration list for PBXProject "FindProiOS" */;
			developmentRegion = en;
			hasScannedForEncodings = 0;
			knownRegions = (
				en,
				Base,
			);
			mainGroup = 72A41E0C2DB5638C00C566F8;
			minimizedProjectReferenceProxies = 1;
			preferredProjectObjectVersion = 77;
			productRefGroup = 72A41E162DB5638C00C566F8 /* Products */;
			projectDirPath = "";
			projectRoot = "";
			targets = (
				72A41E142DB5638C00C566F8 /* FindProiOS */,
				72A41E2D2DB5638E00C566F8 /* FindProiOSTests */,
				72A41E372DB5638E00C566F8 /* FindProiOSUITests */,
			);
		};
/* End PBXProject section */

/* Begin PBXResourcesBuildPhase section */
		72A41E132DB5638C00C566F8 /* Resources */ = {
			isa = PBXResourcesBuildPhase;
			buildActionMask = 2147483647;
			files = (
			);
			runOnlyForDeploymentPostprocessing = 0;
		};
		72A41E2C2DB5638E00C566F8 /* Resources */ = {
			isa = PBXResourcesBuildPhase;
			buildActionMask = 2147483647;
			files = (
			);
			runOnlyForDeploymentPostprocessing = 0;
		};
		72A41E362DB5638E00C566F8 /* Resources */ = {
			isa = PBXResourcesBuildPhase;
			buildActionMask = 2147483647;
			files = (
			);
			runOnlyForDeploymentPostprocessing = 0;
		};
/* End PBXResourcesBuildPhase section */

/* Begin PBXSourcesBuildPhase section */
		72A41E112DB5638C00C566F8 /* Sources */ = {
			isa = PBXSourcesBuildPhase;
			buildActionMask = 2147483647;
			files = (
			);
			runOnlyForDeploymentPostprocessing = 0;
		};
		72A41E2A2DB5638E00C566F8 /* Sources */ = {
			isa = PBXSourcesBuildPhase;
			buildActionMask = 2147483647;
			files = (
			);
			runOnlyForDeploymentPostprocessing = 0;
		};
		72A41E342DB5638E00C566F8 /* Sources */ = {
			isa = PBXSourcesBuildPhase;
			buildActionMask = 2147483647;
			files = (
			);
			runOnlyForDeploymentPostprocessing = 0;
		};
/* End PBXSourcesBuildPhase section */

/* Begin PBXTargetDependency section */
		72A41E302DB5638E00C566F8 /* PBXTargetDependency */ = {
			isa = PBXTargetDependency;
			target = 72A41E142DB5638C00C566F8 /* FindProiOS */;
			targetProxy = 72A41E2F2DB5638E00C566F8 /* PBXContainerItemProxy */;
		};
		72A41E3A2DB5638E00C566F8 /* PBXTargetDependency */ = {
			isa = PBXTargetDependency;
			target = 72A41E142DB5638C00C566F8 /* FindProiOS */;
			targetProxy = 72A41E392DB5638E00C566F8 /* PBXContainerItemProxy */;
		};
/* End PBXTargetDependency section */

/* Begin XCBuildConfiguration section */
		72A41E422DB5638E00C566F8 /* Debug */ = {
			isa = XCBuildConfiguration;
			buildSettings = {
				ASSETCATALOG_COMPILER_APPICON_NAME = AppIcon;
				ASSETCATALOG_COMPILER_GLOBAL_ACCENT_COLOR_NAME = AccentColor;
				CODE_SIGN_STYLE = Automatic;
				CURRENT_PROJECT_VERSION = 1;
				DEVELOPMENT_TEAM = KM24ZG9QW4;
				GENERATE_INFOPLIST_FILE = YES;
				INFOPLIST_FILE = FindProiOS/Info.plist;
				INFOPLIST_KEY_UIApplicationSupportsIndirectInputEvents = YES;
				INFOPLIST_KEY_UILaunchStoryboardName = LaunchScreen;
				INFOPLIST_KEY_UIMainStoryboardFile = Main;
				INFOPLIST_KEY_UISupportedInterfaceOrientations_iPad = "UIInterfaceOrientationPortrait UIInterfaceOrientationPortraitUpsideDown UIInterfaceOrientationLandscapeLeft UIInterfaceOrientationLandscapeRight";
				INFOPLIST_KEY_UISupportedInterfaceOrientations_iPhone = "UIInterfaceOrientationPortrait UIInterfaceOrientationLandscapeLeft UIInterfaceOrientationLandscapeRight";
				LD_RUNPATH_SEARCH_PATHS = (
					"$(inherited)",
					"@executable_path/Frameworks",
				);
				MARKETING_VERSION = 1.0;
				PRODUCT_BUNDLE_IDENTIFIER = com.okok.FindProiOS;
				PRODUCT_NAME = "$(TARGET_NAME)";
				SWIFT_EMIT_LOC_STRINGS = YES;
				SWIFT_VERSION = 5.0;
				TARGETED_DEVICE_FAMILY = "1,2";
			};
			name = Debug;
		};
		72A41E432DB5638E00C566F8 /* Release */ = {
			isa = XCBuildConfiguration;
			buildSettings = {
				ASSETCATALOG_COMPILER_APPICON_NAME = AppIcon;
				ASSETCATALOG_COMPILER_GLOBAL_ACCENT_COLOR_NAME = AccentColor;
				CODE_SIGN_STYLE = Automatic;
				CURRENT_PROJECT_VERSION = 1;
				DEVELOPMENT_TEAM = KM24ZG9QW4;
				GENERATE_INFOPLIST_FILE = YES;
				INFOPLIST_FILE = FindProiOS/Info.plist;
				INFOPLIST_KEY_UIApplicationSupportsIndirectInputEvents = YES;
				INFOPLIST_KEY_UILaunchStoryboardName = LaunchScreen;
				INFOPLIST_KEY_UIMainStoryboardFile = Main;
				INFOPLIST_KEY_UISupportedInterfaceOrientations_iPad = "UIInterfaceOrientationPortrait UIInterfaceOrientationPortraitUpsideDown UIInterfaceOrientationLandscapeLeft UIInterfaceOrientationLandscapeRight";
				INFOPLIST_KEY_UISupportedInterfaceOrientations_iPhone = "UIInterfaceOrientationPortrait UIInterfaceOrientationLandscapeLeft UIInterfaceOrientationLandscapeRight";
				LD_RUNPATH_SEARCH_PATHS = (
					"$(inherited)",
					"@executable_path/Frameworks",
				);
				MARKETING_VERSION = 1.0;
				PRODUCT_BUNDLE_IDENTIFIER = com.okok.FindProiOS;
				PRODUCT_NAME = "$(TARGET_NAME)";
				SWIFT_EMIT_LOC_STRINGS = YES;
				SWIFT_VERSION = 5.0;
				TARGETED_DEVICE_FAMILY = "1,2";
			};
			name = Release;
		};
		72A41E442DB5638E00C566F8 /* Debug */ = {
			isa = XCBuildConfiguration;
			buildSettings = {
				ALWAYS_SEARCH_USER_PATHS = NO;
				ASSETCATALOG_COMPILER_GENERATE_SWIFT_ASSET_SYMBOL_EXTENSIONS = YES;
				CLANG_ANALYZER_NONNULL = YES;
				CLANG_ANALYZER_NUMBER_OBJECT_CONVERSION = YES_AGGRESSIVE;
				CLANG_CXX_LANGUAGE_STANDARD = "gnu++20";
				CLANG_ENABLE_MODULES = YES;
				CLANG_ENABLE_OBJC_ARC = YES;
				CLANG_ENABLE_OBJC_WEAK = YES;
				CLANG_WARN_BLOCK_CAPTURE_AUTORELEASING = YES;
				CLANG_WARN_BOOL_CONVERSION = YES;
				CLANG_WARN_COMMA = YES;
				CLANG_WARN_CONSTANT_CONVERSION = YES;
				CLANG_WARN_DEPRECATED_OBJC_IMPLEMENTATIONS = YES;
				CLANG_WARN_DIRECT_OBJC_ISA_USAGE = YES_ERROR;
				CLANG_WARN_DOCUMENTATION_COMMENTS = YES;
				CLANG_WARN_EMPTY_BODY = YES;
				CLANG_WARN_ENUM_CONVERSION = YES;
				CLANG_WARN_INFINITE_RECURSION = YES;
				CLANG_WARN_INT_CONVERSION = YES;
				CLANG_WARN_NON_LITERAL_NULL_CONVERSION = YES;
				CLANG_WARN_OBJC_IMPLICIT_RETAIN_SELF = YES;
				CLANG_WARN_OBJC_LITERAL_CONVERSION = YES;
				CLANG_WARN_OBJC_ROOT_CLASS = YES_ERROR;
				CLANG_WARN_QUOTED_INCLUDE_IN_FRAMEWORK_HEADER = YES;
				CLANG_WARN_RANGE_LOOP_ANALYSIS = YES;
				CLANG_WARN_STRICT_PROTOTYPES = YES;
				CLANG_WARN_SUSPICIOUS_MOVE = YES;
				CLANG_WARN_UNGUARDED_AVAILABILITY = YES_AGGRESSIVE;
				CLANG_WARN_UNREACHABLE_CODE = YES;
				CLANG_WARN__DUPLICATE_METHOD_MATCH = YES;
				COPY_PHASE_STRIP = NO;
				DEBUG_INFORMATION_FORMAT = dwarf;
				DEVELOPMENT_TEAM = KM24ZG9QW4;
				ENABLE_STRICT_OBJC_MSGSEND = YES;
				ENABLE_TESTABILITY = YES;
				ENABLE_USER_SCRIPT_SANDBOXING = YES;
				GCC_C_LANGUAGE_STANDARD = gnu17;
				GCC_DYNAMIC_NO_PIC = NO;
				GCC_NO_COMMON_BLOCKS = YES;
				GCC_OPTIMIZATION_LEVEL = 0;
				GCC_PREPROCESSOR_DEFINITIONS = (
					"DEBUG=1",
					"$(inherited)",
				);
				GCC_WARN_64_TO_32_BIT_CONVERSION = YES;
				GCC_WARN_ABOUT_RETURN_TYPE = YES_ERROR;
				GCC_WARN_UNDECLARED_SELECTOR = YES;
				GCC_WARN_UNINITIALIZED_AUTOS = YES_AGGRESSIVE;
				GCC_WARN_UNUSED_FUNCTION = YES;
				GCC_WARN_UNUSED_VARIABLE = YES;
				IPHONEOS_DEPLOYMENT_TARGET = 18.4;
				LOCALIZATION_PREFERS_STRING_CATALOGS = YES;
				MTL_ENABLE_DEBUG_INFO = INCLUDE_SOURCE;
				MTL_FAST_MATH = YES;
				ONLY_ACTIVE_ARCH = YES;
				SDKROOT = iphoneos;
				SWIFT_ACTIVE_COMPILATION_CONDITIONS = "DEBUG $(inherited)";
				SWIFT_OPTIMIZATION_LEVEL = "-Onone";
			};
			name = Debug;
		};
		72A41E452DB5638E00C566F8 /* Release */ = {
			isa = XCBuildConfiguration;
			buildSettings = {
				ALWAYS_SEARCH_USER_PATHS = NO;
				ASSETCATALOG_COMPILER_GENERATE_SWIFT_ASSET_SYMBOL_EXTENSIONS = YES;
				CLANG_ANALYZER_NONNULL = YES;
				CLANG_ANALYZER_NUMBER_OBJECT_CONVERSION = YES_AGGRESSIVE;
				CLANG_CXX_LANGUAGE_STANDARD = "gnu++20";
				CLANG_ENABLE_MODULES = YES;
				CLANG_ENABLE_OBJC_ARC = YES;
				CLANG_ENABLE_OBJC_WEAK = YES;
				CLANG_WARN_BLOCK_CAPTURE_AUTORELEASING = YES;
				CLANG_WARN_BOOL_CONVERSION = YES;
				CLANG_WARN_COMMA = YES;
				CLANG_WARN_CONSTANT_CONVERSION = YES;
				CLANG_WARN_DEPRECATED_OBJC_IMPLEMENTATIONS = YES;
				CLANG_WARN_DIRECT_OBJC_ISA_USAGE = YES_ERROR;
				CLANG_WARN_DOCUMENTATION_COMMENTS = YES;
				CLANG_WARN_EMPTY_BODY = YES;
				CLANG_WARN_ENUM_CONVERSION = YES;
				CLANG_WARN_INFINITE_RECURSION = YES;
				CLANG_WARN_INT_CONVERSION = YES;
				CLANG_WARN_NON_LITERAL_NULL_CONVERSION = YES;
				CLANG_WARN_OBJC_IMPLICIT_RETAIN_SELF = YES;
				CLANG_WARN_OBJC_LITERAL_CONVERSION = YES;
				CLANG_WARN_OBJC_ROOT_CLASS = YES_ERROR;
				CLANG_WARN_QUOTED_INCLUDE_IN_FRAMEWORK_HEADER = YES;
				CLANG_WARN_RANGE_LOOP_ANALYSIS = YES;
				CLANG_WARN_STRICT_PROTOTYPES = YES;
				CLANG_WARN_SUSPICIOUS_MOVE = YES;
				CLANG_WARN_UNGUARDED_AVAILABILITY = YES_AGGRESSIVE;
				CLANG_WARN_UNREACHABLE_CODE = YES;
				CLANG_WARN__DUPLICATE_METHOD_MATCH = YES;
				COPY_PHASE_STRIP = NO;
				DEBUG_INFORMATION_FORMAT = "dwarf-with-dsym";
				DEVELOPMENT_TEAM = KM24ZG9QW4;
				ENABLE_NS_ASSERTIONS = NO;
				ENABLE_STRICT_OBJC_MSGSEND = YES;
				ENABLE_USER_SCRIPT_SANDBOXING = YES;
				GCC_C_LANGUAGE_STANDARD = gnu17;
				GCC_NO_COMMON_BLOCKS = YES;
				GCC_WARN_64_TO_32_BIT_CONVERSION = YES;
				GCC_WARN_ABOUT_RETURN_TYPE = YES_ERROR;
				GCC_WARN_UNDECLARED_SELECTOR = YES;
				GCC_WARN_UNINITIALIZED_AUTOS = YES_AGGRESSIVE;
				GCC_WARN_UNUSED_FUNCTION = YES;
				GCC_WARN_UNUSED_VARIABLE = YES;
				IPHONEOS_DEPLOYMENT_TARGET = 18.4;
				LOCALIZATION_PREFERS_STRING_CATALOGS = YES;
				MTL_ENABLE_DEBUG_INFO = NO;
				MTL_FAST_MATH = YES;
				SDKROOT = iphoneos;
				SWIFT_COMPILATION_MODE = wholemodule;
				VALIDATE_PRODUCT = YES;
			};
			name = Release;
		};
		72A41E472DB5638E00C566F8 /* Debug */ = {
			isa = XCBuildConfiguration;
			buildSettings = {
				BUNDLE_LOADER = "$(TEST_HOST)";
				CODE_SIGN_STYLE = Automatic;
				CURRENT_PROJECT_VERSION = 1;
				DEVELOPMENT_TEAM = KM24ZG9QW4;
				GENERATE_INFOPLIST_FILE = YES;
				IPHONEOS_DEPLOYMENT_TARGET = 18.4;
				MARKETING_VERSION = 1.0;
				PRODUCT_BUNDLE_IDENTIFIER = com.okok.FindProiOSTests;
				PRODUCT_NAME = "$(TARGET_NAME)";
				SWIFT_EMIT_LOC_STRINGS = NO;
				SWIFT_VERSION = 5.0;
				TARGETED_DEVICE_FAMILY = "1,2";
				TEST_HOST = "$(BUILT_PRODUCTS_DIR)/FindProiOS.app/$(BUNDLE_EXECUTABLE_FOLDER_PATH)/FindProiOS";
			};
			name = Debug;
		};
		72A41E482DB5638E00C566F8 /* Release */ = {
			isa = XCBuildConfiguration;
			buildSettings = {
				BUNDLE_LOADER = "$(TEST_HOST)";
				CODE_SIGN_STYLE = Automatic;
				CURRENT_PROJECT_VERSION = 1;
				DEVELOPMENT_TEAM = KM24ZG9QW4;
				GENERATE_INFOPLIST_FILE = YES;
				IPHONEOS_DEPLOYMENT_TARGET = 18.4;
				MARKETING_VERSION = 1.0;
				PRODUCT_BUNDLE_IDENTIFIER = com.okok.FindProiOSTests;
				PRODUCT_NAME = "$(TARGET_NAME)";
				SWIFT_EMIT_LOC_STRINGS = NO;
				SWIFT_VERSION = 5.0;
				TARGETED_DEVICE_FAMILY = "1,2";
				TEST_HOST = "$(BUILT_PRODUCTS_DIR)/FindProiOS.app/$(BUNDLE_EXECUTABLE_FOLDER_PATH)/FindProiOS";
			};
			name = Release;
		};
		72A41E4A2DB5638E00C566F8 /* Debug */ = {
			isa = XCBuildConfiguration;
			buildSettings = {
				CODE_SIGN_STYLE = Automatic;
				CURRENT_PROJECT_VERSION = 1;
				DEVELOPMENT_TEAM = KM24ZG9QW4;
				GENERATE_INFOPLIST_FILE = YES;
				MARKETING_VERSION = 1.0;
				PRODUCT_BUNDLE_IDENTIFIER = com.okok.FindProiOSUITests;
				PRODUCT_NAME = "$(TARGET_NAME)";
				SWIFT_EMIT_LOC_STRINGS = NO;
				SWIFT_VERSION = 5.0;
				TARGETED_DEVICE_FAMILY = "1,2";
				TEST_TARGET_NAME = FindProiOS;
			};
			name = Debug;
		};
		72A41E4B2DB5638E00C566F8 /* Release */ = {
			isa = XCBuildConfiguration;
			buildSettings = {
				CODE_SIGN_STYLE = Automatic;
				CURRENT_PROJECT_VERSION = 1;
				DEVELOPMENT_TEAM = KM24ZG9QW4;
				GENERATE_INFOPLIST_FILE = YES;
				MARKETING_VERSION = 1.0;
				PRODUCT_BUNDLE_IDENTIFIER = com.okok.FindProiOSUITests;
				PRODUCT_NAME = "$(TARGET_NAME)";
				SWIFT_EMIT_LOC_STRINGS = NO;
				SWIFT_VERSION = 5.0;
				TARGETED_DEVICE_FAMILY = "1,2";
				TEST_TARGET_NAME = FindProiOS;
			};
			name = Release;
		};
/* End XCBuildConfiguration section */

/* Begin XCConfigurationList section */
		72A41E102DB5638C00C566F8 /* Build configuration list for PBXProject "FindProiOS" */ = {
			isa = XCConfigurationList;
			buildConfigurations = (
				72A41E442DB5638E00C566F8 /* Debug */,
				72A41E452DB5638E00C566F8 /* Release */,
			);
			defaultConfigurationIsVisible = 0;
			defaultConfigurationName = Release;
		};
		72A41E412DB5638E00C566F8 /* Build configuration list for PBXNativeTarget "FindProiOS" */ = {
			isa = XCConfigurationList;
			buildConfigurations = (
				72A41E422DB5638E00C566F8 /* Debug */,
				72A41E432DB5638E00C566F8 /* Release */,
			);
			defaultConfigurationIsVisible = 0;
			defaultConfigurationName = Release;
		};
		72A41E462DB5638E00C566F8 /* Build configuration list for PBXNativeTarget "FindProiOSTests" */ = {
			isa = XCConfigurationList;
			buildConfigurations = (
				72A41E472DB5638E00C566F8 /* Debug */,
				72A41E482DB5638E00C566F8 /* Release */,
			);
			defaultConfigurationIsVisible = 0;
			defaultConfigurationName = Release;
		};
		72A41E492DB5638E00C566F8 /* Build configuration list for PBXNativeTarget "FindProiOSUITests" */ = {
			isa = XCConfigurationList;
			buildConfigurations = (
				72A41E4A2DB5638E00C566F8 /* Debug */,
				72A41E4B2DB5638E00C566F8 /* Release */,
			);
			defaultConfigurationIsVisible = 0;
			defaultConfigurationName = Release;
		};
/* End XCConfigurationList section */
	};
	rootObject = 72A41E0D2DB5638C00C566F8 /* Project object */;
}
